
Microsoft Visual Studio Solution File, Format Version 12.00
# Visual Studio Version 16
VisualStudioVersion = 16.0.34031.81
MinimumVisualStudioVersion = 10.0.40219.1
Project("{2150E333-8FDC-42A3-9474-1A3956D46DE8}") = "Task0", "Task0", "{C0C239DA-3709-46AA-B8B5-F57A964E8CC1}"
EndProject
Project("{FAE04EC0-301F-11D3-BF4B-00C04F79EFBC}") = "Tyuiu.EgovtsevMN.Sprint3.Task0.V22", "Tyuiu.EgovtsevMN.Sprint0.Task0.V0\Tyuiu.EgovtsevMN.Sprint3.Task0.V22.csproj", "{8B664759-631F-40FF-A8E7-07F39C6F8F58}"
EndProject
Project("{FAE04EC0-301F-11D3-BF4B-00C04F79EFBC}") = "Tyuiu.EgovtsevMN.Sprint3.Task0.V22.Lib", "Tyuiu.EgovtsevMN.Sprint0.Task0.V0.Lib\Tyuiu.EgovtsevMN.Sprint3.Task0.V22.Lib.csproj", "{86FEFD94-7C93-44D8-AE6E-812957286CC4}"
EndProject
Project("{FAE04EC0-301F-11D3-BF4B-00C04F79EFBC}") = "Tyuiu.EgovtsevMN.Sprint3.Task0.V22.Test", "Tyuiu.EgovtsevMN.Sprint0.Task0.V0.Test\Tyuiu.EgovtsevMN.Sprint3.Task0.V22.Test.csproj", "{B7CB9882-B0F8-4961-976A-128952A236C8}"
EndProject
Project("{2150E333-8FDC-42A3-9474-1A3956D46DE8}") = "Task1", "Task1", "{0588AD88-F5F3-4383-B844-004027E4FB25}"
EndProject
Project("{FAE04EC0-301F-11D3-BF4B-00C04F79EFBC}") = "Tyuiu.EgovtsevMN.Sprint3.Task1.V30", "Tyuiu.EgovtsevMN.Sprint0.Task1.V22\Tyuiu.EgovtsevMN.Sprint3.Task1.V30.csproj", "{98CA7B4C-CC6A-4679-88CF-36FEB6F9D41C}"
EndProject
Project("{FAE04EC0-301F-11D3-BF4B-00C04F79EFBC}") = "Tyuiu.EgovtsevMN.Sprint3.Task1.V30.Lib", "Tyuiu.EgovtsevMN.Sprint3.Task0.V22.Lib\Tyuiu.EgovtsevMN.Sprint3.Task1.V30.Lib.csproj", "{17F66E35-C2D7-4C11-B58A-92E668FA1014}"
EndProject
Project("{FAE04EC0-301F-11D3-BF4B-00C04F79EFBC}") = "Tyuiu.EgovtsevMN.Sprint3.Task1.V30.Test", "Tyuiu.EgovtsevMN.Sprint3.Task1.V22.Test\Tyuiu.EgovtsevMN.Sprint3.Task1.V30.Test.csproj", "{2E78C566-1099-464B-AE4F-9BBC618778E6}"
EndProject
Project("{2150E333-8FDC-42A3-9474-1A3956D46DE8}") = "Task2", "Task2", "{3116156D-16F6-4D2F-B9F8-F474D9BD44D6}"
EndProject
Project("{FAE04EC0-301F-11D3-BF4B-00C04F79EFBC}") = "Tyuiu.EgovtsevMN.Sprint3.Task2.V22", "Tyuiu.EgovtsevMN.Sprint3.Task2.V\Tyuiu.EgovtsevMN.Sprint3.Task2.V22.csproj", "{10CB27A7-A5F4-41D3-A63D-A525614F066D}"
EndProject
Project("{FAE04EC0-301F-11D3-BF4B-00C04F79EFBC}") = "Tyuiu.EgovtsevMN.Sprint3.Task2.V22.Lib", "Tyuiu.EgovtsevMN.Sprint3.Task1.V.Lib\Tyuiu.EgovtsevMN.Sprint3.Task2.V22.Lib.csproj", "{1D77B2D0-1798-4A1E-B315-64D445D06326}"
EndProject
Project("{FAE04EC0-301F-11D3-BF4B-00C04F79EFBC}") = "Tyuiu.EgovtsevMN.Sprint3.Task2.V22.Test", "Tyuiu.EgovtsevMN.Sprint3.Task2.V.Test\Tyuiu.EgovtsevMN.Sprint3.Task2.V22.Test.csproj", "{B43B9093-B4B3-4CE2-91F5-F743F6C03C4C}"
EndProject
Project("{2150E333-8FDC-42A3-9474-1A3956D46DE8}") = "Task3", "Task3", "{14757219-D1C6-42A8-8CE6-7F3F249E6F2B}"
EndProject
Project("{FAE04EC0-301F-11D3-BF4B-00C04F79EFBC}") = "Tyuiu.EgovtsevMN.Sprint3.Task3.V13", "Tyuiu.EgovtsevMN.Sprint3.Task3.V13\Tyuiu.EgovtsevMN.Sprint3.Task3.V13.csproj", "{F451D87A-23BD-49FE-BC1A-B7D85E2E1897}"
EndProject
Project("{FAE04EC0-301F-11D3-BF4B-00C04F79EFBC}") = "Tyuiu.EgovtsevMN.Sprint3.Task3.V13.Lib", "Tyuiu.EgovtsevMN.Sprint3.Task3.V13.Lib\Tyuiu.EgovtsevMN.Sprint3.Task3.V13.Lib.csproj", "{34998605-534D-4AE8-9857-2E90A09B3E33}"
EndProject
Project("{FAE04EC0-301F-11D3-BF4B-00C04F79EFBC}") = "Tyuiu.EgovtsevMN.Sprint3.Task3.V13.Test", "Tyuiu.EgovtsevMN.Sprint3.Task3.V13.Test\Tyuiu.EgovtsevMN.Sprint3.Task3.V13.Test.csproj", "{7D9FCEFF-88C3-4A0C-9B46-DD5223D19876}"
EndProject
Project("{2150E333-8FDC-42A3-9474-1A3956D46DE8}") = "Task4", "Task4", "{A7F2A61B-118A-4E4B-9043-D286CA5EA722}"
EndProject
Project("{FAE04EC0-301F-11D3-BF4B-00C04F79EFBC}") = "Tyuiu.EgovtsevMN.Sprint3.Task4.V27", "Tyuiu.EgovtsevMN.Sprint3.Task4.V\Tyuiu.EgovtsevMN.Sprint3.Task4.V27.csproj", "{18EF53E5-EAD8-48F9-A441-26BDFE57DBA6}"
EndProject
Project("{FAE04EC0-301F-11D3-BF4B-00C04F79EFBC}") = "Tyuiu.EgovtsevMN.Sprint3.Task4.V27.Lib", "Tyuiu.EgovtsevMN.Sprint3.Task4.V13.Lib\Tyuiu.EgovtsevMN.Sprint3.Task4.V27.Lib.csproj", "{04E257D7-B71C-423B-8440-81B8BB731A44}"
EndProject
Project("{FAE04EC0-301F-11D3-BF4B-00C04F79EFBC}") = "Tyuiu.EgovtsevMN.Sprint3.Task4.V27.Test", "Tyuiu.EgovtsevMN.Sprint3.Task4.V.Test\Tyuiu.EgovtsevMN.Sprint3.Task4.V27.Test.csproj", "{3729C435-DA9C-49D7-96B6-687DC112D3FE}"
EndProject
Global
	GlobalSection(SolutionConfigurationPlatforms) = preSolution
		Debug|Any CPU = Debug|Any CPU
		Release|Any CPU = Release|Any CPU
	EndGlobalSection
	GlobalSection(ProjectConfigurationPlatforms) = postSolution
		{8B664759-631F-40FF-A8E7-07F39C6F8F58}.Debug|Any CPU.ActiveCfg = Debug|Any CPU
		{8B664759-631F-40FF-A8E7-07F39C6F8F58}.Debug|Any CPU.Build.0 = Debug|Any CPU
		{8B664759-631F-40FF-A8E7-07F39C6F8F58}.Release|Any CPU.ActiveCfg = Release|Any CPU
		{8B664759-631F-40FF-A8E7-07F39C6F8F58}.Release|Any CPU.Build.0 = Release|Any CPU
		{86FEFD94-7C93-44D8-AE6E-812957286CC4}.Debug|Any CPU.ActiveCfg = Debug|Any CPU
		{86FEFD94-7C93-44D8-AE6E-812957286CC4}.Debug|Any CPU.Build.0 = Debug|Any CPU
		{86FEFD94-7C93-44D8-AE6E-812957286CC4}.Release|Any CPU.ActiveCfg = Release|Any CPU
		{86FEFD94-7C93-44D8-AE6E-812957286CC4}.Release|Any CPU.Build.0 = Release|Any CPU
		{B7CB9882-B0F8-4961-976A-128952A236C8}.Debug|Any CPU.ActiveCfg = Debug|Any CPU
		{B7CB9882-B0F8-4961-976A-128952A236C8}.Debug|Any CPU.Build.0 = Debug|Any CPU
		{B7CB9882-B0F8-4961-976A-128952A236C8}.Release|Any CPU.ActiveCfg = Release|Any CPU
		{B7CB9882-B0F8-4961-976A-128952A236C8}.Release|Any CPU.Build.0 = Release|Any CPU
		{98CA7B4C-CC6A-4679-88CF-36FEB6F9D41C}.Debug|Any CPU.ActiveCfg = Debug|Any CPU
		{98CA7B4C-CC6A-4679-88CF-36FEB6F9D41C}.Debug|Any CPU.Build.0 = Debug|Any CPU
		{98CA7B4C-CC6A-4679-88CF-36FEB6F9D41C}.Release|Any CPU.ActiveCfg = Release|Any CPU
		{98CA7B4C-CC6A-4679-88CF-36FEB6F9D41C}.Release|Any CPU.Build.0 = Release|Any CPU
		{17F66E35-C2D7-4C11-B58A-92E668FA1014}.Debug|Any CPU.ActiveCfg = Debug|Any CPU
		{17F66E35-C2D7-4C11-B58A-92E668FA1014}.Debug|Any CPU.Build.0 = Debug|Any CPU
		{17F66E35-C2D7-4C11-B58A-92E668FA1014}.Release|Any CPU.ActiveCfg = Release|Any CPU
		{17F66E35-C2D7-4C11-B58A-92E668FA1014}.Release|Any CPU.Build.0 = Release|Any CPU
		{2E78C566-1099-464B-AE4F-9BBC618778E6}.Debug|Any CPU.ActiveCfg = Debug|Any CPU
		{2E78C566-1099-464B-AE4F-9BBC618778E6}.Debug|Any CPU.Build.0 = Debug|Any CPU
		{2E78C566-1099-464B-AE4F-9BBC618778E6}.Release|Any CPU.ActiveCfg = Release|Any CPU
		{2E78C566-1099-464B-AE4F-9BBC618778E6}.Release|Any CPU.Build.0 = Release|Any CPU
		{10CB27A7-A5F4-41D3-A63D-A525614F066D}.Debug|Any CPU.ActiveCfg = Debug|Any CPU
		{10CB27A7-A5F4-41D3-A63D-A525614F066D}.Debug|Any CPU.Build.0 = Debug|Any CPU
		{10CB27A7-A5F4-41D3-A63D-A525614F066D}.Release|Any CPU.ActiveCfg = Release|Any CPU
		{10CB27A7-A5F4-41D3-A63D-A525614F066D}.Release|Any CPU.Build.0 = Release|Any CPU
		{1D77B2D0-1798-4A1E-B315-64D445D06326}.Debug|Any CPU.ActiveCfg = Debug|Any CPU
		{1D77B2D0-1798-4A1E-B315-64D445D06326}.Debug|Any CPU.Build.0 = Debug|Any CPU
		{1D77B2D0-1798-4A1E-B315-64D445D06326}.Release|Any CPU.ActiveCfg = Release|Any CPU
		{1D77B2D0-1798-4A1E-B315-64D445D06326}.Release|Any CPU.Build.0 = Release|Any CPU
		{B43B9093-B4B3-4CE2-91F5-F743F6C03C4C}.Debug|Any CPU.ActiveCfg = Debug|Any CPU
		{B43B9093-B4B3-4CE2-91F5-F743F6C03C4C}.Debug|Any CPU.Build.0 = Debug|Any CPU
		{B43B9093-B4B3-4CE2-91F5-F743F6C03C4C}.Release|Any CPU.ActiveCfg = Release|Any CPU
		{B43B9093-B4B3-4CE2-91F5-F743F6C03C4C}.Release|Any CPU.Build.0 = Release|Any CPU
		{F451D87A-23BD-49FE-BC1A-B7D85E2E1897}.Debug|Any CPU.ActiveCfg = Debug|Any CPU
		{F451D87A-23BD-49FE-BC1A-B7D85E2E1897}.Debug|Any CPU.Build.0 = Debug|Any CPU
		{F451D87A-23BD-49FE-BC1A-B7D85E2E1897}.Release|Any CPU.ActiveCfg = Release|Any CPU
		{F451D87A-23BD-49FE-BC1A-B7D85E2E1897}.Release|Any CPU.Build.0 = Release|Any CPU
		{34998605-534D-4AE8-9857-2E90A09B3E33}.Debug|Any CPU.ActiveCfg = Debug|Any CPU
		{34998605-534D-4AE8-9857-2E90A09B3E33}.Debug|Any CPU.Build.0 = Debug|Any CPU
		{34998605-534D-4AE8-9857-2E90A09B3E33}.Release|Any CPU.ActiveCfg = Release|Any CPU
		{34998605-534D-4AE8-9857-2E90A09B3E33}.Release|Any CPU.Build.0 = Release|Any CPU
		{7D9FCEFF-88C3-4A0C-9B46-DD5223D19876}.Debug|Any CPU.ActiveCfg = Debug|Any CPU
		{7D9FCEFF-88C3-4A0C-9B46-DD5223D19876}.Debug|Any CPU.Build.0 = Debug|Any CPU
		{7D9FCEFF-88C3-4A0C-9B46-DD5223D19876}.Release|Any CPU.ActiveCfg = Release|Any CPU
		{7D9FCEFF-88C3-4A0C-9B46-DD5223D19876}.Release|Any CPU.Build.0 = Release|Any CPU
		{18EF53E5-EAD8-48F9-A441-26BDFE57DBA6}.Debug|Any CPU.ActiveCfg = Debug|Any CPU
		{18EF53E5-EAD8-48F9-A441-26BDFE57DBA6}.Debug|Any CPU.Build.0 = Debug|Any CPU
		{18EF53E5-EAD8-48F9-A441-26BDFE57DBA6}.Release|Any CPU.ActiveCfg = Release|Any CPU
		{18EF53E5-EAD8-48F9-A441-26BDFE57DBA6}.Release|Any CPU.Build.0 = Release|Any CPU
		{04E257D7-B71C-423B-8440-81B8BB731A44}.Debug|Any CPU.ActiveCfg = Debug|Any CPU
		{04E257D7-B71C-423B-8440-81B8BB731A44}.Debug|Any CPU.Build.0 = Debug|Any CPU
		{04E257D7-B71C-423B-8440-81B8BB731A44}.Release|Any CPU.ActiveCfg = Release|Any CPU
		{04E257D7-B71C-423B-8440-81B8BB731A44}.Release|Any CPU.Build.0 = Release|Any CPU
		{3729C435-DA9C-49D7-96B6-687DC112D3FE}.Debug|Any CPU.ActiveCfg = Debug|Any CPU
		{3729C435-DA9C-49D7-96B6-687DC112D3FE}.Debug|Any CPU.Build.0 = Debug|Any CPU
		{3729C435-DA9C-49D7-96B6-687DC112D3FE}.Release|Any CPU.ActiveCfg = Release|Any CPU
		{3729C435-DA9C-49D7-96B6-687DC112D3FE}.Release|Any CPU.Build.0 = Release|Any CPU
	EndGlobalSection
	GlobalSection(SolutionProperties) = preSolution
		HideSolutionNode = FALSE
	EndGlobalSection
	GlobalSection(NestedProjects) = preSolution
		{8B664759-631F-40FF-A8E7-07F39C6F8F58} = {C0C239DA-3709-46AA-B8B5-F57A964E8CC1}
		{86FEFD94-7C93-44D8-AE6E-812957286CC4} = {C0C239DA-3709-46AA-B8B5-F57A964E8CC1}
		{B7CB9882-B0F8-4961-976A-128952A236C8} = {C0C239DA-3709-46AA-B8B5-F57A964E8CC1}
		{98CA7B4C-CC6A-4679-88CF-36FEB6F9D41C} = {0588AD88-F5F3-4383-B844-004027E4FB25}
		{17F66E35-C2D7-4C11-B58A-92E668FA1014} = {0588AD88-F5F3-4383-B844-004027E4FB25}
		{2E78C566-1099-464B-AE4F-9BBC618778E6} = {0588AD88-F5F3-4383-B844-004027E4FB25}
		{10CB27A7-A5F4-41D3-A63D-A525614F066D} = {3116156D-16F6-4D2F-B9F8-F474D9BD44D6}
		{1D77B2D0-1798-4A1E-B315-64D445D06326} = {3116156D-16F6-4D2F-B9F8-F474D9BD44D6}
		{B43B9093-B4B3-4CE2-91F5-F743F6C03C4C} = {3116156D-16F6-4D2F-B9F8-F474D9BD44D6}
		{F451D87A-23BD-49FE-BC1A-B7D85E2E1897} = {14757219-D1C6-42A8-8CE6-7F3F249E6F2B}
		{34998605-534D-4AE8-9857-2E90A09B3E33} = {14757219-D1C6-42A8-8CE6-7F3F249E6F2B}
		{7D9FCEFF-88C3-4A0C-9B46-DD5223D19876} = {14757219-D1C6-42A8-8CE6-7F3F249E6F2B}
		{18EF53E5-EAD8-48F9-A441-26BDFE57DBA6} = {A7F2A61B-118A-4E4B-9043-D286CA5EA722}
		{04E257D7-B71C-423B-8440-81B8BB731A44} = {A7F2A61B-118A-4E4B-9043-D286CA5EA722}
		{3729C435-DA9C-49D7-96B6-687DC112D3FE} = {A7F2A61B-118A-4E4B-9043-D286CA5EA722}
	EndGlobalSection
	GlobalSection(ExtensibilityGlobals) = postSolution
		SolutionGuid = {34046701-3B01-4132-B0EA-38BA8EF14B62}
	EndGlobalSection
EndGlobal
