
Microsoft Visual Studio Solution File, Format Version 12.00
# Visual Studio Version 16
VisualStudioVersion = 16.0.34031.81
MinimumVisualStudioVersion = 10.0.40219.1
Project("{2150E333-8FDC-42A3-9474-1A3956D46DE8}") = "Task0", "Task0", "{C0C239DA-3709-46AA-B8B5-F57A964E8CC1}"
EndProject
Project("{FAE04EC0-301F-11D3-BF4B-00C04F79EFBC}") = "Tyuiu.EgovtsevMN.Sprint0.Task0.V22", "Tyuiu.EgovtsevMN.Sprint0.Task0.V0\Tyuiu.EgovtsevMN.Sprint0.Task0.V22.csproj", "{8B664759-631F-40FF-A8E7-07F39C6F8F58}"
EndProject
Project("{FAE04EC0-301F-11D3-BF4B-00C04F79EFBC}") = "Tyuiu.EgovtsevMN.Sprint0.Task0.V22.Lib", "Tyuiu.EgovtsevMN.Sprint0.Task0.V0.Lib\Tyuiu.EgovtsevMN.Sprint0.Task0.V22.Lib.csproj", "{86FEFD94-7C93-44D8-AE6E-812957286CC4}"
EndProject
Project("{FAE04EC0-301F-11D3-BF4B-00C04F79EFBC}") = "Tyuiu.EgovtsevMN.Sprint0.Task0.V22.Test", "Tyuiu.EgovtsevMN.Sprint0.Task0.V0.Test\Tyuiu.EgovtsevMN.Sprint0.Task0.V22.Test.csproj", "{B7CB9882-B0F8-4961-976A-128952A236C8}"
EndProject
Global
	GlobalSection(SolutionConfigurationPlatforms) = preSolution
		Debug|Any CPU = Debug|Any CPU
		Release|Any CPU = Release|Any CPU
	EndGlobalSection
	GlobalSection(ProjectConfigurationPlatforms) = postSolution
		{8B664759-631F-40FF-A8E7-07F39C6F8F58}.Debug|Any CPU.ActiveCfg = Debug|Any CPU
		{8B664759-631F-40FF-A8E7-07F39C6F8F58}.Debug|Any CPU.Build.0 = Debug|Any CPU
		{8B664759-631F-40FF-A8E7-07F39C6F8F58}.Release|Any CPU.ActiveCfg = Release|Any CPU
		{8B664759-631F-40FF-A8E7-07F39C6F8F58}.Release|Any CPU.Build.0 = Release|Any CPU
		{86FEFD94-7C93-44D8-AE6E-812957286CC4}.Debug|Any CPU.ActiveCfg = Debug|Any CPU
		{86FEFD94-7C93-44D8-AE6E-812957286CC4}.Debug|Any CPU.Build.0 = Debug|Any CPU
		{86FEFD94-7C93-44D8-AE6E-812957286CC4}.Release|Any CPU.ActiveCfg = Release|Any CPU
		{86FEFD94-7C93-44D8-AE6E-812957286CC4}.Release|Any CPU.Build.0 = Release|Any CPU
		{B7CB9882-B0F8-4961-976A-128952A236C8}.Debug|Any CPU.ActiveCfg = Debug|Any CPU
		{B7CB9882-B0F8-4961-976A-128952A236C8}.Debug|Any CPU.Build.0 = Debug|Any CPU
		{B7CB9882-B0F8-4961-976A-128952A236C8}.Release|Any CPU.ActiveCfg = Release|Any CPU
		{B7CB9882-B0F8-4961-976A-128952A236C8}.Release|Any CPU.Build.0 = Release|Any CPU
	EndGlobalSection
	GlobalSection(SolutionProperties) = preSolution
		HideSolutionNode = FALSE
	EndGlobalSection
	GlobalSection(NestedProjects) = preSolution
		{8B664759-631F-40FF-A8E7-07F39C6F8F58} = {C0C239DA-3709-46AA-B8B5-F57A964E8CC1}
		{86FEFD94-7C93-44D8-AE6E-812957286CC4} = {C0C239DA-3709-46AA-B8B5-F57A964E8CC1}
		{B7CB9882-B0F8-4961-976A-128952A236C8} = {C0C239DA-3709-46AA-B8B5-F57A964E8CC1}
	EndGlobalSection
	GlobalSection(ExtensibilityGlobals) = postSolution
		SolutionGuid = {34046701-3B01-4132-B0EA-38BA8EF14B62}
	EndGlobalSection
EndGlobal
